
Microsoft Visual Studio Solution File, Format Version 12.00
# Visual Studio Version 17
VisualStudioVersion = 17.4.33122.133
MinimumVisualStudioVersion = 10.0.40219.1
Project("{FAE04EC0-301F-11D3-BF4B-00C04F79EFBC}") = "WazApp", "WazApp\WazApp.csproj", "{EB091A3E-3C8C-4851-91F7-D85A6CC6C68E}"
EndProject
Global
	GlobalSection(SolutionConfigurationPlatforms) = preSolution
		Debug|Any CPU = Debug|Any CPU
		Release|Any CPU = Release|Any CPU
	EndGlobalSection
	GlobalSection(ProjectConfigurationPlatforms) = postSolution
		{EB091A3E-3C8C-4851-91F7-D85A6CC6C68E}.Debug|Any CPU.ActiveCfg = Debug|Any CPU
		{EB091A3E-3C8C-4851-91F7-D85A6CC6C68E}.Debug|Any CPU.Build.0 = Debug|Any CPU
		{EB091A3E-3C8C-4851-91F7-D85A6CC6C68E}.Release|Any CPU.ActiveCfg = Release|Any CPU
		{EB091A3E-3C8C-4851-91F7-D85A6CC6C68E}.Release|Any CPU.Build.0 = Release|Any CPU
	EndGlobalSection
	GlobalSection(SolutionProperties) = preSolution
		HideSolutionNode = FALSE
	EndGlobalSection
	GlobalSection(ExtensibilityGlobals) = postSolution
		SolutionGuid = {B5598C28-A4F1-438B-B36D-AE67638C4F16}
	EndGlobalSection
EndGlobal
